
Microsoft Visual Studio Solution File, Format Version 12.00
# Visual Studio 2013
VisualStudioVersion = 12.0.30501.0
MinimumVisualStudioVersion = 10.0.40219.1
Project("{FAE04EC0-301F-11D3-BF4B-00C04F79EFBC}") = "FoobarElf", "FoobarElf\FoobarElf.csproj", "{C56D6639-15BC-4AE8-A0D5-64AEBA3B13BC}"
EndProject
Project("{FAE04EC0-301F-11D3-BF4B-00C04F79EFBC}") = "FoobarElfTest", "FoobarElfTest\FoobarElfTest.csproj", "{81540DB4-F0E6-4B9A-BEAA-4DA91D93D318}"
EndProject
Global
	GlobalSection(SolutionConfigurationPlatforms) = preSolution
		Debug|Any CPU = Debug|Any CPU
		Release|Any CPU = Release|Any CPU
	EndGlobalSection
	GlobalSection(ProjectConfigurationPlatforms) = postSolution
		{C56D6639-15BC-4AE8-A0D5-64AEBA3B13BC}.Debug|Any CPU.ActiveCfg = Debug|Any CPU
		{C56D6639-15BC-4AE8-A0D5-64AEBA3B13BC}.Debug|Any CPU.Build.0 = Debug|Any CPU
		{C56D6639-15BC-4AE8-A0D5-64AEBA3B13BC}.Release|Any CPU.ActiveCfg = Release|Any CPU
		{C56D6639-15BC-4AE8-A0D5-64AEBA3B13BC}.Release|Any CPU.Build.0 = Release|Any CPU
		{81540DB4-F0E6-4B9A-BEAA-4DA91D93D318}.Debug|Any CPU.ActiveCfg = Debug|Any CPU
		{81540DB4-F0E6-4B9A-BEAA-4DA91D93D318}.Debug|Any CPU.Build.0 = Debug|Any CPU
		{81540DB4-F0E6-4B9A-BEAA-4DA91D93D318}.Release|Any CPU.ActiveCfg = Release|Any CPU
		{81540DB4-F0E6-4B9A-BEAA-4DA91D93D318}.Release|Any CPU.Build.0 = Release|Any CPU
	EndGlobalSection
	GlobalSection(SolutionProperties) = preSolution
		HideSolutionNode = FALSE
	EndGlobalSection
EndGlobal
